Microsoft Visual Studio Solution File, Format Version 12.00
# Visual Studio Version 17
VisualStudioVersion = 17.5.2.0
MinimumVisualStudioVersion = 10.0.40219.1
Project("{FAE04EC0-301F-11D3-BF4B-00C04F79EFBC}") = "HourlyGainz", "HourlyGainz.csproj", "{F3435A92-15A2-9680-4D56-CACE317D31F4}"
EndProject
Global
	GlobalSection(SolutionConfigurationPlatforms) = preSolution
		Debug|Any CPU = Debug|Any CPU
		Release|Any CPU = Release|Any CPU
	EndGlobalSection
	GlobalSection(ProjectConfigurationPlatforms) = postSolution
		{F3435A92-15A2-9680-4D56-CACE317D31F4}.Debug|Any CPU.ActiveCfg = Debug|Any CPU
		{F3435A92-15A2-9680-4D56-CACE317D31F4}.Debug|Any CPU.Build.0 = Debug|Any CPU
		{F3435A92-15A2-9680-4D56-CACE317D31F4}.Release|Any CPU.ActiveCfg = Release|Any CPU
		{F3435A92-15A2-9680-4D56-CACE317D31F4}.Release|Any CPU.Build.0 = Release|Any CPU
	EndGlobalSection
	GlobalSection(SolutionProperties) = preSolution
		HideSolutionNode = FALSE
	EndGlobalSection
	GlobalSection(ExtensibilityGlobals) = postSolution
		SolutionGuid = {9608A2E6-834E-4EF6-9802-57A4F8FADAE2}
	EndGlobalSection
EndGlobal
